
Microsoft Visual Studio Solution File, Format Version 12.00
# Visual Studio 15
Project("{FAE04EC0-301F-11D3-BF4B-00C04F79EFBC}") = "Assembly-CSharp-Editor", "Assembly-CSharp-Editor.csproj", "{3206DD08-A3B8-8E78-2973-DA763AF92D64}"
EndProject
Project("{FAE04EC0-301F-11D3-BF4B-00C04F79EFBC}") = "Assembly-CSharp", "Assembly-CSharp.csproj", "{60BBCB66-D761-718B-B226-5D74353DF1EA}"
EndProject
Global
	GlobalSection(SolutionConfigurationPlatforms) = preSolution
		Debug|Any CPU = Debug|Any CPU
		Release|Any CPU = Release|Any CPU
	EndGlobalSection
	GlobalSection(ProjectConfigurationPlatforms) = postSolution
		{3206DD08-A3B8-8E78-2973-DA763AF92D64}.Debug|Any CPU.ActiveCfg = Debug|Any CPU
		{3206DD08-A3B8-8E78-2973-DA763AF92D64}.Debug|Any CPU.Build.0 = Debug|Any CPU
		{3206DD08-A3B8-8E78-2973-DA763AF92D64}.Release|Any CPU.ActiveCfg = Release|Any CPU
		{3206DD08-A3B8-8E78-2973-DA763AF92D64}.Release|Any CPU.Build.0 = Release|Any CPU
		{60BBCB66-D761-718B-B226-5D74353DF1EA}.Debug|Any CPU.ActiveCfg = Debug|Any CPU
		{60BBCB66-D761-718B-B226-5D74353DF1EA}.Debug|Any CPU.Build.0 = Debug|Any CPU
		{60BBCB66-D761-718B-B226-5D74353DF1EA}.Release|Any CPU.ActiveCfg = Release|Any CPU
		{60BBCB66-D761-718B-B226-5D74353DF1EA}.Release|Any CPU.Build.0 = Release|Any CPU
	EndGlobalSection
	GlobalSection(SolutionProperties) = preSolution
		HideSolutionNode = FALSE
	EndGlobalSection
EndGlobal
